
Microsoft Visual Studio Solution File, Format Version 12.00
# Visual Studio Version 16
VisualStudioVersion = 16.0.30225.117
MinimumVisualStudioVersion = 10.0.40219.1
Project("{9A19103F-16F7-4668-BE54-9A1E7A4F7556}") = "CentralErro.Model", "CentralErro.Model\CentralErro.Model.csproj", "{014326AF-7229-4BA8-8616-9343FD34D83D}"
EndProject
Project("{9A19103F-16F7-4668-BE54-9A1E7A4F7556}") = "CentralErro.Core", "CentralErro.Core\CentralErro.Core.csproj", "{BB2A9575-8556-410B-80EE-2CC40968533B}"
EndProject
Project("{9A19103F-16F7-4668-BE54-9A1E7A4F7556}") = "CentralErro.Service", "CentralErro.Service\CentralErro.Service.csproj", "{225FAB8F-1CC0-4283-8579-C819E4BBF68C}"
EndProject
Project("{9A19103F-16F7-4668-BE54-9A1E7A4F7556}") = "CentralErro.Api", "CentralErro.Api\CentralErro.Api.csproj", "{BF249471-60AC-40D9-A2B8-C19D31BCD1A1}"
EndProject
Project("{FAE04EC0-301F-11D3-BF4B-00C04F79EFBC}") = "CentralErro.Transport", "CentralErro.Transport\CentralErro.Transport.csproj", "{79F94D8D-5430-4849-BB04-A1C924ECDA28}"
EndProject
Global
	GlobalSection(SolutionConfigurationPlatforms) = preSolution
		Debug|Any CPU = Debug|Any CPU
		Release|Any CPU = Release|Any CPU
	EndGlobalSection
	GlobalSection(ProjectConfigurationPlatforms) = postSolution
		{014326AF-7229-4BA8-8616-9343FD34D83D}.Debug|Any CPU.ActiveCfg = Debug|Any CPU
		{014326AF-7229-4BA8-8616-9343FD34D83D}.Debug|Any CPU.Build.0 = Debug|Any CPU
		{014326AF-7229-4BA8-8616-9343FD34D83D}.Release|Any CPU.ActiveCfg = Release|Any CPU
		{014326AF-7229-4BA8-8616-9343FD34D83D}.Release|Any CPU.Build.0 = Release|Any CPU
		{BB2A9575-8556-410B-80EE-2CC40968533B}.Debug|Any CPU.ActiveCfg = Debug|Any CPU
		{BB2A9575-8556-410B-80EE-2CC40968533B}.Debug|Any CPU.Build.0 = Debug|Any CPU
		{BB2A9575-8556-410B-80EE-2CC40968533B}.Release|Any CPU.ActiveCfg = Release|Any CPU
		{BB2A9575-8556-410B-80EE-2CC40968533B}.Release|Any CPU.Build.0 = Release|Any CPU
		{225FAB8F-1CC0-4283-8579-C819E4BBF68C}.Debug|Any CPU.ActiveCfg = Debug|Any CPU
		{225FAB8F-1CC0-4283-8579-C819E4BBF68C}.Debug|Any CPU.Build.0 = Debug|Any CPU
		{225FAB8F-1CC0-4283-8579-C819E4BBF68C}.Release|Any CPU.ActiveCfg = Release|Any CPU
		{225FAB8F-1CC0-4283-8579-C819E4BBF68C}.Release|Any CPU.Build.0 = Release|Any CPU
		{BF249471-60AC-40D9-A2B8-C19D31BCD1A1}.Debug|Any CPU.ActiveCfg = Debug|Any CPU
		{BF249471-60AC-40D9-A2B8-C19D31BCD1A1}.Debug|Any CPU.Build.0 = Debug|Any CPU
		{BF249471-60AC-40D9-A2B8-C19D31BCD1A1}.Release|Any CPU.ActiveCfg = Release|Any CPU
		{BF249471-60AC-40D9-A2B8-C19D31BCD1A1}.Release|Any CPU.Build.0 = Release|Any CPU
		{79F94D8D-5430-4849-BB04-A1C924ECDA28}.Debug|Any CPU.ActiveCfg = Debug|Any CPU
		{79F94D8D-5430-4849-BB04-A1C924ECDA28}.Debug|Any CPU.Build.0 = Debug|Any CPU
		{79F94D8D-5430-4849-BB04-A1C924ECDA28}.Release|Any CPU.ActiveCfg = Release|Any CPU
		{79F94D8D-5430-4849-BB04-A1C924ECDA28}.Release|Any CPU.Build.0 = Release|Any CPU
	EndGlobalSection
	GlobalSection(SolutionProperties) = preSolution
		HideSolutionNode = FALSE
	EndGlobalSection
	GlobalSection(ExtensibilityGlobals) = postSolution
		SolutionGuid = {9F59DDE9-3836-455C-8525-29743090CFC9}
	EndGlobalSection
EndGlobal
